
Microsoft Visual Studio Solution File, Format Version 12.00
# Visual Studio Version 17
VisualStudioVersion = 17.0.31903.59
MinimumVisualStudioVersion = 10.0.40219.1
Project("{2150E333-8FDC-42A3-9474-1A3956D46DE8}") = "src", "src", "{447FC756-F5D0-42BF-9A05-CC14C5C3E9B8}"
EndProject
Project("{FAE04EC0-301F-11D3-BF4B-00C04F79EFBC}") = "NewWords.Api", "src\NewWords.Api\NewWords.Api.csproj", "{05CE485B-AD62-455F-9322-5ABD4070BF78}"
EndProject
Project("{FAE04EC0-301F-11D3-BF4B-00C04F79EFBC}") = "LLM", "src\LLM\LLM.csproj", "{618DBC8E-3B16-41EF-9614-036F0020C061}"
EndProject
Global
	GlobalSection(SolutionConfigurationPlatforms) = preSolution
		Debug|Any CPU = Debug|Any CPU
		Release|Any CPU = Release|Any CPU
	EndGlobalSection
	GlobalSection(SolutionProperties) = preSolution
		HideSolutionNode = FALSE
	EndGlobalSection
	GlobalSection(ProjectConfigurationPlatforms) = postSolution
		{05CE485B-AD62-455F-9322-5ABD4070BF78}.Debug|Any CPU.ActiveCfg = Debug|Any CPU
		{05CE485B-AD62-455F-9322-5ABD4070BF78}.Debug|Any CPU.Build.0 = Debug|Any CPU
		{05CE485B-AD62-455F-9322-5ABD4070BF78}.Release|Any CPU.ActiveCfg = Release|Any CPU
		{05CE485B-AD62-455F-9322-5ABD4070BF78}.Release|Any CPU.Build.0 = Release|Any CPU
		{618DBC8E-3B16-41EF-9614-036F0020C061}.Debug|Any CPU.ActiveCfg = Debug|Any CPU
		{618DBC8E-3B16-41EF-9614-036F0020C061}.Debug|Any CPU.Build.0 = Debug|Any CPU
		{618DBC8E-3B16-41EF-9614-036F0020C061}.Release|Any CPU.ActiveCfg = Release|Any CPU
		{618DBC8E-3B16-41EF-9614-036F0020C061}.Release|Any CPU.Build.0 = Release|Any CPU
	EndGlobalSection
	GlobalSection(NestedProjects) = preSolution
		{05CE485B-AD62-455F-9322-5ABD4070BF78} = {447FC756-F5D0-42BF-9A05-CC14C5C3E9B8}
		{618DBC8E-3B16-41EF-9614-036F0020C061} = {447FC756-F5D0-42BF-9A05-CC14C5C3E9B8}
	EndGlobalSection
EndGlobal
